
Microsoft Visual Studio Solution File, Format Version 12.00
# Visual Studio Version 17
VisualStudioVersion = 17.13.35919.96
MinimumVisualStudioVersion = 10.0.40219.1
Project("{FAE04EC0-301F-11D3-BF4B-00C04F79EFBC}") = "hashPasswordsManager", "hashPasswordsManager\hashPasswordsManager.csproj", "{1AB0A3CD-EFFD-4040-B11A-819F43A1DBEB}"
EndProject
Project("{FAE04EC0-301F-11D3-BF4B-00C04F79EFBC}") = "Core", "Core\Core.csproj", "{34D27FE8-CD24-4FAC-83E3-C7C33DE0D586}"
EndProject
Global
	GlobalSection(SolutionConfigurationPlatforms) = preSolution
		Debug|Any CPU = Debug|Any CPU
		Release|Any CPU = Release|Any CPU
	EndGlobalSection
	GlobalSection(ProjectConfigurationPlatforms) = postSolution
		{1AB0A3CD-EFFD-4040-B11A-819F43A1DBEB}.Debug|Any CPU.ActiveCfg = Debug|Any CPU
		{1AB0A3CD-EFFD-4040-B11A-819F43A1DBEB}.Debug|Any CPU.Build.0 = Debug|Any CPU
		{1AB0A3CD-EFFD-4040-B11A-819F43A1DBEB}.Release|Any CPU.ActiveCfg = Release|Any CPU
		{1AB0A3CD-EFFD-4040-B11A-819F43A1DBEB}.Release|Any CPU.Build.0 = Release|Any CPU
		{34D27FE8-CD24-4FAC-83E3-C7C33DE0D586}.Debug|Any CPU.ActiveCfg = Debug|Any CPU
		{34D27FE8-CD24-4FAC-83E3-C7C33DE0D586}.Debug|Any CPU.Build.0 = Debug|Any CPU
		{34D27FE8-CD24-4FAC-83E3-C7C33DE0D586}.Release|Any CPU.ActiveCfg = Release|Any CPU
		{34D27FE8-CD24-4FAC-83E3-C7C33DE0D586}.Release|Any CPU.Build.0 = Release|Any CPU
	EndGlobalSection
	GlobalSection(SolutionProperties) = preSolution
		HideSolutionNode = FALSE
	EndGlobalSection
	GlobalSection(ExtensibilityGlobals) = postSolution
		SolutionGuid = {03D74EA6-9DB8-4284-ABB0-B1F8FB85C1D9}
	EndGlobalSection
EndGlobal
