
Microsoft Visual Studio Solution File, Format Version 12.00
# Visual Studio Version 17
VisualStudioVersion = 17.13.35919.96
MinimumVisualStudioVersion = 10.0.40219.1
Project("{FAE04EC0-301F-11D3-BF4B-00C04F79EFBC}") = "hashPasswordsWorker", "hashPasswordsWorker\hashPasswordsWorker.csproj", "{149EECBB-30C8-4BD0-9809-0160E2DE8FB3}"
EndProject
Project("{FAE04EC0-301F-11D3-BF4B-00C04F79EFBC}") = "Core", "Core\Core.csproj", "{3039C051-DD01-46B3-9D85-F1F95FAA6F7B}"
EndProject
Global
	GlobalSection(SolutionConfigurationPlatforms) = preSolution
		Debug|Any CPU = Debug|Any CPU
		Release|Any CPU = Release|Any CPU
	EndGlobalSection
	GlobalSection(ProjectConfigurationPlatforms) = postSolution
		{149EECBB-30C8-4BD0-9809-0160E2DE8FB3}.Debug|Any CPU.ActiveCfg = Debug|Any CPU
		{149EECBB-30C8-4BD0-9809-0160E2DE8FB3}.Debug|Any CPU.Build.0 = Debug|Any CPU
		{149EECBB-30C8-4BD0-9809-0160E2DE8FB3}.Release|Any CPU.ActiveCfg = Release|Any CPU
		{149EECBB-30C8-4BD0-9809-0160E2DE8FB3}.Release|Any CPU.Build.0 = Release|Any CPU
		{3039C051-DD01-46B3-9D85-F1F95FAA6F7B}.Debug|Any CPU.ActiveCfg = Debug|Any CPU
		{3039C051-DD01-46B3-9D85-F1F95FAA6F7B}.Debug|Any CPU.Build.0 = Debug|Any CPU
		{3039C051-DD01-46B3-9D85-F1F95FAA6F7B}.Release|Any CPU.ActiveCfg = Release|Any CPU
		{3039C051-DD01-46B3-9D85-F1F95FAA6F7B}.Release|Any CPU.Build.0 = Release|Any CPU
	EndGlobalSection
	GlobalSection(SolutionProperties) = preSolution
		HideSolutionNode = FALSE
	EndGlobalSection
	GlobalSection(ExtensibilityGlobals) = postSolution
		SolutionGuid = {F05C0CA3-C493-49BD-B558-A0BE124995E7}
	EndGlobalSection
EndGlobal
